
Microsoft Visual Studio Solution File, Format Version 12.00
# Visual Studio Version 17
VisualStudioVersion = 17.13.35931.197 d17.13
MinimumVisualStudioVersion = 10.0.40219.1
Project("{FAE04EC0-301F-11D3-BF4B-00C04F79EFBC}") = "Advent_2020_13", "Advent_2020_13\Advent_2020_13.csproj", "{E97AB95B-B21B-44FB-BB92-395D075162FA}"
EndProject
Global
	GlobalSection(SolutionConfigurationPlatforms) = preSolution
		Debug|Any CPU = Debug|Any CPU
		Release|Any CPU = Release|Any CPU
	EndGlobalSection
	GlobalSection(ProjectConfigurationPlatforms) = postSolution
		{E97AB95B-B21B-44FB-BB92-395D075162FA}.Debug|Any CPU.ActiveCfg = Debug|Any CPU
		{E97AB95B-B21B-44FB-BB92-395D075162FA}.Debug|Any CPU.Build.0 = Debug|Any CPU
		{E97AB95B-B21B-44FB-BB92-395D075162FA}.Release|Any CPU.ActiveCfg = Release|Any CPU
		{E97AB95B-B21B-44FB-BB92-395D075162FA}.Release|Any CPU.Build.0 = Release|Any CPU
	EndGlobalSection
	GlobalSection(SolutionProperties) = preSolution
		HideSolutionNode = FALSE
	EndGlobalSection
	GlobalSection(ExtensibilityGlobals) = postSolution
		SolutionGuid = {6BE7F051-5D17-4500-A691-2BB5E91472DF}
	EndGlobalSection
EndGlobal
